
Microsoft Visual Studio Solution File, Format Version 12.00
# Visual Studio 15
VisualStudioVersion = 15.0.28307.168
MinimumVisualStudioVersion = 10.0.40219.1
Project("{FAE04EC0-301F-11D3-BF4B-00C04F79EFBC}") = "TypeHandler", "TypeHandler\TypeHandler.csproj", "{1BC6F920-0336-478D-ABAC-F2FF96597A8A}"
EndProject
Project("{FAE04EC0-301F-11D3-BF4B-00C04F79EFBC}") = "Yowko.Models", "Yowko.Models\Yowko.Models.csproj", "{5F48EA68-F95C-4178-9083-6033E80A7FC7}"
EndProject
Global
	GlobalSection(SolutionConfigurationPlatforms) = preSolution
		Debug|Any CPU = Debug|Any CPU
		Release|Any CPU = Release|Any CPU
	EndGlobalSection
	GlobalSection(ProjectConfigurationPlatforms) = postSolution
		{1BC6F920-0336-478D-ABAC-F2FF96597A8A}.Debug|Any CPU.ActiveCfg = Debug|Any CPU
		{1BC6F920-0336-478D-ABAC-F2FF96597A8A}.Debug|Any CPU.Build.0 = Debug|Any CPU
		{1BC6F920-0336-478D-ABAC-F2FF96597A8A}.Release|Any CPU.ActiveCfg = Release|Any CPU
		{1BC6F920-0336-478D-ABAC-F2FF96597A8A}.Release|Any CPU.Build.0 = Release|Any CPU
		{5F48EA68-F95C-4178-9083-6033E80A7FC7}.Debug|Any CPU.ActiveCfg = Debug|Any CPU
		{5F48EA68-F95C-4178-9083-6033E80A7FC7}.Debug|Any CPU.Build.0 = Debug|Any CPU
		{5F48EA68-F95C-4178-9083-6033E80A7FC7}.Release|Any CPU.ActiveCfg = Release|Any CPU
		{5F48EA68-F95C-4178-9083-6033E80A7FC7}.Release|Any CPU.Build.0 = Release|Any CPU
	EndGlobalSection
	GlobalSection(SolutionProperties) = preSolution
		HideSolutionNode = FALSE
	EndGlobalSection
	GlobalSection(ExtensibilityGlobals) = postSolution
		SolutionGuid = {B2B580AE-677C-4A3A-AE34-92E5A005AA90}
	EndGlobalSection
EndGlobal
